
Microsoft Visual Studio Solution File, Format Version 12.00
# Visual Studio Version 17
VisualStudioVersion = 17.2.32526.322
MinimumVisualStudioVersion = 10.0.40219.1
Project("{FAE04EC0-301F-11D3-BF4B-00C04F79EFBC}") = "HWID Changer", "HWID Changer\HWID Changer.csproj", "{4A82D265-78EB-4717-9AB8-63A679266C5D}"
EndProject
Global
	GlobalSection(SolutionConfigurationPlatforms) = preSolution
		Debug|Any CPU = Debug|Any CPU
		Release|Any CPU = Release|Any CPU
	EndGlobalSection
	GlobalSection(ProjectConfigurationPlatforms) = postSolution
		{4A82D265-78EB-4717-9AB8-63A679266C5D}.Debug|Any CPU.ActiveCfg = Debug|Any CPU
		{4A82D265-78EB-4717-9AB8-63A679266C5D}.Debug|Any CPU.Build.0 = Debug|Any CPU
		{4A82D265-78EB-4717-9AB8-63A679266C5D}.Release|Any CPU.ActiveCfg = Release|Any CPU
		{4A82D265-78EB-4717-9AB8-63A679266C5D}.Release|Any CPU.Build.0 = Release|Any CPU
	EndGlobalSection
	GlobalSection(SolutionProperties) = preSolution
		HideSolutionNode = FALSE
	EndGlobalSection
	GlobalSection(ExtensibilityGlobals) = postSolution
		SolutionGuid = {4FDCE17F-DF80-4992-8A82-7D55001D2AF9}
	EndGlobalSection
EndGlobal
